
Microsoft Visual Studio Solution File, Format Version 12.00
# Visual Studio Version 16
VisualStudioVersion = 16.0.31402.337
MinimumVisualStudioVersion = 10.0.40219.1
Project("{9A19103F-16F7-4668-BE54-9A1E7A4F7556}") = "HW02.Image", "HW.02.Image\HW02.Image.csproj", "{4BA3D7D9-BC01-4F81-B0EA-E940CCD56B1B}"
EndProject
Project("{9A19103F-16F7-4668-BE54-9A1E7A4F7556}") = "HW02.StringToBit", "HW.02.StringToBit\HW02.StringToBit.csproj", "{F9D72AB3-6014-4D5C-A342-A2B3A04C89F3}"
EndProject
Project("{9A19103F-16F7-4668-BE54-9A1E7A4F7556}") = "HW02.Casting", "HW.02.Casting\HW02.Casting.csproj", "{3EFDF1C0-C043-4160-83C7-06FEC6127F1F}"
EndProject
Project("{9A19103F-16F7-4668-BE54-9A1E7A4F7556}") = "HW02.Types", "HW02.Types\HW02.Types.csproj", "{E2FF484B-E068-4627-9269-4AE3CAC6D347}"
EndProject
Project("{9A19103F-16F7-4668-BE54-9A1E7A4F7556}") = "HW02.Quadratic.Formula", "HW02.Quadratic.Formula\HW02.Quadratic.Formula.csproj", "{CF825803-36FB-4754-8509-E01DDB0FD6AD}"
EndProject
Project("{FAE04EC0-301F-11D3-BF4B-00C04F79EFBC}") = "HW04.ThreeArays", "HW04.ThreeArays\HW04.ThreeArays.csproj", "{4D37F9E8-453A-46C9-A964-0834F8599FDD}"
EndProject
Project("{FAE04EC0-301F-11D3-BF4B-00C04F79EFBC}") = "HW04.PushArrayElements", "HW04.PushArrayElements\HW04.PushArrayElements.csproj", "{ECD144C4-C2B3-4EA3-BBC9-E2A9B7C097BD}"
EndProject
Project("{FAE04EC0-301F-11D3-BF4B-00C04F79EFBC}") = "HW04.Reverse", "HW04.Reverse\HW04.Reverse.csproj", "{08E833D6-BD1F-4B83-82E4-CE36F331566F}"
EndProject
Project("{FAE04EC0-301F-11D3-BF4B-00C04F79EFBC}") = "HW04.Poem", "HW04.Poem\HW04.Poem.csproj", "{6ACCFB71-13A5-4C40-AA09-D14271DD7DF3}"
EndProject
Project("{FAE04EC0-301F-11D3-BF4B-00C04F79EFBC}") = "HW04.StringRefactoring", "HW04.StringRefactoring\HW04.StringRefactoring.csproj", "{1B4D45F7-7209-4473-8BC5-D282F8810533}"
EndProject
Global
	GlobalSection(SolutionConfigurationPlatforms) = preSolution
		Debug|Any CPU = Debug|Any CPU
		Release|Any CPU = Release|Any CPU
	EndGlobalSection
	GlobalSection(ProjectConfigurationPlatforms) = postSolution
		{4BA3D7D9-BC01-4F81-B0EA-E940CCD56B1B}.Debug|Any CPU.ActiveCfg = Debug|Any CPU
		{4BA3D7D9-BC01-4F81-B0EA-E940CCD56B1B}.Debug|Any CPU.Build.0 = Debug|Any CPU
		{4BA3D7D9-BC01-4F81-B0EA-E940CCD56B1B}.Release|Any CPU.ActiveCfg = Release|Any CPU
		{4BA3D7D9-BC01-4F81-B0EA-E940CCD56B1B}.Release|Any CPU.Build.0 = Release|Any CPU
		{F9D72AB3-6014-4D5C-A342-A2B3A04C89F3}.Debug|Any CPU.ActiveCfg = Debug|Any CPU
		{F9D72AB3-6014-4D5C-A342-A2B3A04C89F3}.Debug|Any CPU.Build.0 = Debug|Any CPU
		{F9D72AB3-6014-4D5C-A342-A2B3A04C89F3}.Release|Any CPU.ActiveCfg = Release|Any CPU
		{F9D72AB3-6014-4D5C-A342-A2B3A04C89F3}.Release|Any CPU.Build.0 = Release|Any CPU
		{3EFDF1C0-C043-4160-83C7-06FEC6127F1F}.Debug|Any CPU.ActiveCfg = Debug|Any CPU
		{3EFDF1C0-C043-4160-83C7-06FEC6127F1F}.Debug|Any CPU.Build.0 = Debug|Any CPU
		{3EFDF1C0-C043-4160-83C7-06FEC6127F1F}.Release|Any CPU.ActiveCfg = Release|Any CPU
		{3EFDF1C0-C043-4160-83C7-06FEC6127F1F}.Release|Any CPU.Build.0 = Release|Any CPU
		{E2FF484B-E068-4627-9269-4AE3CAC6D347}.Debug|Any CPU.ActiveCfg = Debug|Any CPU
		{E2FF484B-E068-4627-9269-4AE3CAC6D347}.Debug|Any CPU.Build.0 = Debug|Any CPU
		{E2FF484B-E068-4627-9269-4AE3CAC6D347}.Release|Any CPU.ActiveCfg = Release|Any CPU
		{E2FF484B-E068-4627-9269-4AE3CAC6D347}.Release|Any CPU.Build.0 = Release|Any CPU
		{CF825803-36FB-4754-8509-E01DDB0FD6AD}.Debug|Any CPU.ActiveCfg = Debug|Any CPU
		{CF825803-36FB-4754-8509-E01DDB0FD6AD}.Debug|Any CPU.Build.0 = Debug|Any CPU
		{CF825803-36FB-4754-8509-E01DDB0FD6AD}.Release|Any CPU.ActiveCfg = Release|Any CPU
		{CF825803-36FB-4754-8509-E01DDB0FD6AD}.Release|Any CPU.Build.0 = Release|Any CPU
		{4D37F9E8-453A-46C9-A964-0834F8599FDD}.Debug|Any CPU.ActiveCfg = Debug|Any CPU
		{4D37F9E8-453A-46C9-A964-0834F8599FDD}.Debug|Any CPU.Build.0 = Debug|Any CPU
		{4D37F9E8-453A-46C9-A964-0834F8599FDD}.Release|Any CPU.ActiveCfg = Release|Any CPU
		{4D37F9E8-453A-46C9-A964-0834F8599FDD}.Release|Any CPU.Build.0 = Release|Any CPU
		{ECD144C4-C2B3-4EA3-BBC9-E2A9B7C097BD}.Debug|Any CPU.ActiveCfg = Debug|Any CPU
		{ECD144C4-C2B3-4EA3-BBC9-E2A9B7C097BD}.Debug|Any CPU.Build.0 = Debug|Any CPU
		{ECD144C4-C2B3-4EA3-BBC9-E2A9B7C097BD}.Release|Any CPU.ActiveCfg = Release|Any CPU
		{ECD144C4-C2B3-4EA3-BBC9-E2A9B7C097BD}.Release|Any CPU.Build.0 = Release|Any CPU
		{08E833D6-BD1F-4B83-82E4-CE36F331566F}.Debug|Any CPU.ActiveCfg = Debug|Any CPU
		{08E833D6-BD1F-4B83-82E4-CE36F331566F}.Debug|Any CPU.Build.0 = Debug|Any CPU
		{08E833D6-BD1F-4B83-82E4-CE36F331566F}.Release|Any CPU.ActiveCfg = Release|Any CPU
		{08E833D6-BD1F-4B83-82E4-CE36F331566F}.Release|Any CPU.Build.0 = Release|Any CPU
		{6ACCFB71-13A5-4C40-AA09-D14271DD7DF3}.Debug|Any CPU.ActiveCfg = Debug|Any CPU
		{6ACCFB71-13A5-4C40-AA09-D14271DD7DF3}.Debug|Any CPU.Build.0 = Debug|Any CPU
		{6ACCFB71-13A5-4C40-AA09-D14271DD7DF3}.Release|Any CPU.ActiveCfg = Release|Any CPU
		{6ACCFB71-13A5-4C40-AA09-D14271DD7DF3}.Release|Any CPU.Build.0 = Release|Any CPU
		{1B4D45F7-7209-4473-8BC5-D282F8810533}.Debug|Any CPU.ActiveCfg = Debug|Any CPU
		{1B4D45F7-7209-4473-8BC5-D282F8810533}.Debug|Any CPU.Build.0 = Debug|Any CPU
		{1B4D45F7-7209-4473-8BC5-D282F8810533}.Release|Any CPU.ActiveCfg = Release|Any CPU
		{1B4D45F7-7209-4473-8BC5-D282F8810533}.Release|Any CPU.Build.0 = Release|Any CPU
	EndGlobalSection
	GlobalSection(SolutionProperties) = preSolution
		HideSolutionNode = FALSE
	EndGlobalSection
	GlobalSection(ExtensibilityGlobals) = postSolution
		SolutionGuid = {4C60C21F-2A9D-48C1-AB80-DAF25904C7F0}
	EndGlobalSection
EndGlobal
