
Microsoft Visual Studio Solution File, Format Version 12.00
# Visual Studio Version 16
VisualStudioVersion = 16.0.31402.337
MinimumVisualStudioVersion = 10.0.40219.1
Project("{9A19103F-16F7-4668-BE54-9A1E7A4F7556}") = "HW02.Image", "HW.02.Image\HW02.Image.csproj", "{4BA3D7D9-BC01-4F81-B0EA-E940CCD56B1B}"
EndProject
Project("{9A19103F-16F7-4668-BE54-9A1E7A4F7556}") = "HW02.StringToBit", "HW.02.StringToBit\HW02.StringToBit.csproj", "{F9D72AB3-6014-4D5C-A342-A2B3A04C89F3}"
EndProject
Project("{9A19103F-16F7-4668-BE54-9A1E7A4F7556}") = "HW02.Casting", "HW.02.Casting\HW02.Casting.csproj", "{3EFDF1C0-C043-4160-83C7-06FEC6127F1F}"
EndProject
Project("{9A19103F-16F7-4668-BE54-9A1E7A4F7556}") = "HW02.Types", "HW02.Types\HW02.Types.csproj", "{E2FF484B-E068-4627-9269-4AE3CAC6D347}"
EndProject
Project("{9A19103F-16F7-4668-BE54-9A1E7A4F7556}") = "HW02.Quadratic.Formula", "HW02.Quadratic.Formula\HW02.Quadratic.Formula.csproj", "{CF825803-36FB-4754-8509-E01DDB0FD6AD}"
EndProject
Project("{9A19103F-16F7-4668-BE54-9A1E7A4F7556}") = "HW05.Task1", "HW05.Task1\HW05.Task1.csproj", "{D85C2F41-0355-4348-9F44-50CB25C07E3F}"
EndProject
Project("{9A19103F-16F7-4668-BE54-9A1E7A4F7556}") = "HW05.Task2", "HW05.Task2\HW05.Task2.csproj", "{FEC8CA25-4092-4766-8A5E-0186EA847E50}"
EndProject
Project("{9A19103F-16F7-4668-BE54-9A1E7A4F7556}") = "HW05.Task3", "HW05.Task3\HW05.Task3.csproj", "{3BA10743-B4B8-4FF7-9259-4187A49A537D}"
EndProject
Project("{9A19103F-16F7-4668-BE54-9A1E7A4F7556}") = "HW05.Task4", "HW05.Task4\HW05.Task4.csproj", "{904E363D-7EE3-4745-B075-05DE11C5F7AE}"
EndProject
Project("{9A19103F-16F7-4668-BE54-9A1E7A4F7556}") = "HW04.ThreeArays", "HW04.ThreeArays\HW04.ThreeArays.csproj", "{4D37F9E8-453A-46C9-A964-0834F8599FDD}"
EndProject
Project("{9A19103F-16F7-4668-BE54-9A1E7A4F7556}") = "HW04.PushArrayElements", "HW04.PushArrayElements\HW04.PushArrayElements.csproj", "{ECD144C4-C2B3-4EA3-BBC9-E2A9B7C097BD}"
EndProject
Project("{9A19103F-16F7-4668-BE54-9A1E7A4F7556}") = "HW04.Reverse", "HW04.Reverse\HW04.Reverse.csproj", "{08E833D6-BD1F-4B83-82E4-CE36F331566F}"
EndProject
Project("{9A19103F-16F7-4668-BE54-9A1E7A4F7556}") = "HW04.Poem", "HW04.Poem\HW04.Poem.csproj", "{6ACCFB71-13A5-4C40-AA09-D14271DD7DF3}"
EndProject
Project("{9A19103F-16F7-4668-BE54-9A1E7A4F7556}") = "HW04.StringRefactoring", "HW04.StringRefactoring\HW04.StringRefactoring.csproj", "{1B4D45F7-7209-4473-8BC5-D282F8810533}"
EndProject
Project("{9A19103F-16F7-4668-BE54-9A1E7A4F7556}") = "HW03.Operators", "HW03.Operators\HW03.Operators.csproj", "{0131EE71-26A7-4FA6-A60E-CAEF16CD2C48}"
EndProject
Project("{9A19103F-16F7-4668-BE54-9A1E7A4F7556}") = "HW03.Cycle", "HW03.Cycle\HW03.Cycle.csproj", "{C9E4C62C-9636-441D-88FE-7A033BC94FFF}"
EndProject
Project("{9A19103F-16F7-4668-BE54-9A1E7A4F7556}") = "HW03.Birthday", "HW03.Birthday\HW03.Birthday.csproj", "{F7044487-67B4-415B-9218-E7B466FEFCFC}"
EndProject
Project("{9A19103F-16F7-4668-BE54-9A1E7A4F7556}") = "HW03.Calculator", "HW03.Calculator\HW03.Calculator.csproj", "{F174D71B-CB78-4065-9F6E-73A7DF5C9164}"
EndProject
Project("{2150E333-8FDC-42A3-9474-1A3956D46DE8}") = "Documents", "Documents", "{F427321F-4BED-498F-949A-6721D6AC2FE3}"
	ProjectSection(SolutionItems) = preProject
		D:\IT-Academy\HW03.Parse&TryParse.pdf = D:\IT-Academy\HW03.Parse&TryParse.pdf
	EndProjectSection
EndProject
Project("{9A19103F-16F7-4668-BE54-9A1E7A4F7556}") = "HW03.Game", "HW03.Game\HW03.Game.csproj", "{AD6DF5BC-8A58-4112-89B8-64F5C3DBB1D7}"
EndProject
Project("{9A19103F-16F7-4668-BE54-9A1E7A4F7556}") = "HW06.AssemblyOne", "HW06.AssemblyOne\HW06.AssemblyOne.csproj", "{48882790-7B55-4515-92A0-035A23833A1A}"
EndProject
Project("{9A19103F-16F7-4668-BE54-9A1E7A4F7556}") = "HW06.AssemblyTwo", "HW06.AssemblyTwo\HW06.AssemblyTwo.csproj", "{EA7290EE-B4A9-4AB3-A8CB-F3A5CFD6C4C6}"
EndProject
Project("{9A19103F-16F7-4668-BE54-9A1E7A4F7556}") = "HW06.Task2", "HW06.Task2\HW06.Task2.csproj", "{9721B946-C987-4F45-945D-2431CADCA33C}"
EndProject
Project("{FAE04EC0-301F-11D3-BF4B-00C04F79EFBC}") = "HW07.Task1", "HW07.Task1\HW07.Task1.csproj", "{DA64F97C-3BB6-4654-8030-68F8DB956917}"
EndProject
Project("{FAE04EC0-301F-11D3-BF4B-00C04F79EFBC}") = "HW07.Task2", "HW07.Task2\HW07.Task2.csproj", "{8A895857-40C3-4283-AD78-0B9CC8E93767}"
EndProject
Project("{FAE04EC0-301F-11D3-BF4B-00C04F79EFBC}") = "HW07.Task3", "HW07.Task3\HW07.Task3.csproj", "{49EDFB1B-6CF6-4C08-8164-F15123855BA6}"
EndProject
Global
	GlobalSection(SolutionConfigurationPlatforms) = preSolution
		Debug|Any CPU = Debug|Any CPU
		Release|Any CPU = Release|Any CPU
	EndGlobalSection
	GlobalSection(ProjectConfigurationPlatforms) = postSolution
		{4BA3D7D9-BC01-4F81-B0EA-E940CCD56B1B}.Debug|Any CPU.ActiveCfg = Debug|Any CPU
		{4BA3D7D9-BC01-4F81-B0EA-E940CCD56B1B}.Debug|Any CPU.Build.0 = Debug|Any CPU
		{4BA3D7D9-BC01-4F81-B0EA-E940CCD56B1B}.Release|Any CPU.ActiveCfg = Release|Any CPU
		{4BA3D7D9-BC01-4F81-B0EA-E940CCD56B1B}.Release|Any CPU.Build.0 = Release|Any CPU
		{F9D72AB3-6014-4D5C-A342-A2B3A04C89F3}.Debug|Any CPU.ActiveCfg = Debug|Any CPU
		{F9D72AB3-6014-4D5C-A342-A2B3A04C89F3}.Debug|Any CPU.Build.0 = Debug|Any CPU
		{F9D72AB3-6014-4D5C-A342-A2B3A04C89F3}.Release|Any CPU.ActiveCfg = Release|Any CPU
		{F9D72AB3-6014-4D5C-A342-A2B3A04C89F3}.Release|Any CPU.Build.0 = Release|Any CPU
		{3EFDF1C0-C043-4160-83C7-06FEC6127F1F}.Debug|Any CPU.ActiveCfg = Debug|Any CPU
		{3EFDF1C0-C043-4160-83C7-06FEC6127F1F}.Debug|Any CPU.Build.0 = Debug|Any CPU
		{3EFDF1C0-C043-4160-83C7-06FEC6127F1F}.Release|Any CPU.ActiveCfg = Release|Any CPU
		{3EFDF1C0-C043-4160-83C7-06FEC6127F1F}.Release|Any CPU.Build.0 = Release|Any CPU
		{E2FF484B-E068-4627-9269-4AE3CAC6D347}.Debug|Any CPU.ActiveCfg = Debug|Any CPU
		{E2FF484B-E068-4627-9269-4AE3CAC6D347}.Debug|Any CPU.Build.0 = Debug|Any CPU
		{E2FF484B-E068-4627-9269-4AE3CAC6D347}.Release|Any CPU.ActiveCfg = Release|Any CPU
		{E2FF484B-E068-4627-9269-4AE3CAC6D347}.Release|Any CPU.Build.0 = Release|Any CPU
		{CF825803-36FB-4754-8509-E01DDB0FD6AD}.Debug|Any CPU.ActiveCfg = Debug|Any CPU
		{CF825803-36FB-4754-8509-E01DDB0FD6AD}.Debug|Any CPU.Build.0 = Debug|Any CPU
		{CF825803-36FB-4754-8509-E01DDB0FD6AD}.Release|Any CPU.ActiveCfg = Release|Any CPU
		{CF825803-36FB-4754-8509-E01DDB0FD6AD}.Release|Any CPU.Build.0 = Release|Any CPU
		{D85C2F41-0355-4348-9F44-50CB25C07E3F}.Debug|Any CPU.ActiveCfg = Debug|Any CPU
		{D85C2F41-0355-4348-9F44-50CB25C07E3F}.Debug|Any CPU.Build.0 = Debug|Any CPU
		{D85C2F41-0355-4348-9F44-50CB25C07E3F}.Release|Any CPU.ActiveCfg = Release|Any CPU
		{D85C2F41-0355-4348-9F44-50CB25C07E3F}.Release|Any CPU.Build.0 = Release|Any CPU
		{FEC8CA25-4092-4766-8A5E-0186EA847E50}.Debug|Any CPU.ActiveCfg = Debug|Any CPU
		{FEC8CA25-4092-4766-8A5E-0186EA847E50}.Debug|Any CPU.Build.0 = Debug|Any CPU
		{FEC8CA25-4092-4766-8A5E-0186EA847E50}.Release|Any CPU.ActiveCfg = Release|Any CPU
		{FEC8CA25-4092-4766-8A5E-0186EA847E50}.Release|Any CPU.Build.0 = Release|Any CPU
		{3BA10743-B4B8-4FF7-9259-4187A49A537D}.Debug|Any CPU.ActiveCfg = Debug|Any CPU
		{3BA10743-B4B8-4FF7-9259-4187A49A537D}.Debug|Any CPU.Build.0 = Debug|Any CPU
		{3BA10743-B4B8-4FF7-9259-4187A49A537D}.Release|Any CPU.ActiveCfg = Release|Any CPU
		{3BA10743-B4B8-4FF7-9259-4187A49A537D}.Release|Any CPU.Build.0 = Release|Any CPU
		{904E363D-7EE3-4745-B075-05DE11C5F7AE}.Debug|Any CPU.ActiveCfg = Debug|Any CPU
		{904E363D-7EE3-4745-B075-05DE11C5F7AE}.Debug|Any CPU.Build.0 = Debug|Any CPU
		{904E363D-7EE3-4745-B075-05DE11C5F7AE}.Release|Any CPU.ActiveCfg = Release|Any CPU
		{904E363D-7EE3-4745-B075-05DE11C5F7AE}.Release|Any CPU.Build.0 = Release|Any CPU
		{4D37F9E8-453A-46C9-A964-0834F8599FDD}.Debug|Any CPU.ActiveCfg = Debug|Any CPU
		{4D37F9E8-453A-46C9-A964-0834F8599FDD}.Debug|Any CPU.Build.0 = Debug|Any CPU
		{4D37F9E8-453A-46C9-A964-0834F8599FDD}.Release|Any CPU.ActiveCfg = Release|Any CPU
		{4D37F9E8-453A-46C9-A964-0834F8599FDD}.Release|Any CPU.Build.0 = Release|Any CPU
		{ECD144C4-C2B3-4EA3-BBC9-E2A9B7C097BD}.Debug|Any CPU.ActiveCfg = Debug|Any CPU
		{ECD144C4-C2B3-4EA3-BBC9-E2A9B7C097BD}.Debug|Any CPU.Build.0 = Debug|Any CPU
		{ECD144C4-C2B3-4EA3-BBC9-E2A9B7C097BD}.Release|Any CPU.ActiveCfg = Release|Any CPU
		{ECD144C4-C2B3-4EA3-BBC9-E2A9B7C097BD}.Release|Any CPU.Build.0 = Release|Any CPU
		{08E833D6-BD1F-4B83-82E4-CE36F331566F}.Debug|Any CPU.ActiveCfg = Debug|Any CPU
		{08E833D6-BD1F-4B83-82E4-CE36F331566F}.Debug|Any CPU.Build.0 = Debug|Any CPU
		{08E833D6-BD1F-4B83-82E4-CE36F331566F}.Release|Any CPU.ActiveCfg = Release|Any CPU
		{08E833D6-BD1F-4B83-82E4-CE36F331566F}.Release|Any CPU.Build.0 = Release|Any CPU
		{6ACCFB71-13A5-4C40-AA09-D14271DD7DF3}.Debug|Any CPU.ActiveCfg = Debug|Any CPU
		{6ACCFB71-13A5-4C40-AA09-D14271DD7DF3}.Debug|Any CPU.Build.0 = Debug|Any CPU
		{6ACCFB71-13A5-4C40-AA09-D14271DD7DF3}.Release|Any CPU.ActiveCfg = Release|Any CPU
		{6ACCFB71-13A5-4C40-AA09-D14271DD7DF3}.Release|Any CPU.Build.0 = Release|Any CPU
		{1B4D45F7-7209-4473-8BC5-D282F8810533}.Debug|Any CPU.ActiveCfg = Debug|Any CPU
		{1B4D45F7-7209-4473-8BC5-D282F8810533}.Debug|Any CPU.Build.0 = Debug|Any CPU
		{1B4D45F7-7209-4473-8BC5-D282F8810533}.Release|Any CPU.ActiveCfg = Release|Any CPU
		{1B4D45F7-7209-4473-8BC5-D282F8810533}.Release|Any CPU.Build.0 = Release|Any CPU
		{0131EE71-26A7-4FA6-A60E-CAEF16CD2C48}.Debug|Any CPU.ActiveCfg = Debug|Any CPU
		{0131EE71-26A7-4FA6-A60E-CAEF16CD2C48}.Debug|Any CPU.Build.0 = Debug|Any CPU
		{0131EE71-26A7-4FA6-A60E-CAEF16CD2C48}.Release|Any CPU.ActiveCfg = Release|Any CPU
		{0131EE71-26A7-4FA6-A60E-CAEF16CD2C48}.Release|Any CPU.Build.0 = Release|Any CPU
		{C9E4C62C-9636-441D-88FE-7A033BC94FFF}.Debug|Any CPU.ActiveCfg = Debug|Any CPU
		{C9E4C62C-9636-441D-88FE-7A033BC94FFF}.Debug|Any CPU.Build.0 = Debug|Any CPU
		{C9E4C62C-9636-441D-88FE-7A033BC94FFF}.Release|Any CPU.ActiveCfg = Release|Any CPU
		{C9E4C62C-9636-441D-88FE-7A033BC94FFF}.Release|Any CPU.Build.0 = Release|Any CPU
		{F7044487-67B4-415B-9218-E7B466FEFCFC}.Debug|Any CPU.ActiveCfg = Debug|Any CPU
		{F7044487-67B4-415B-9218-E7B466FEFCFC}.Debug|Any CPU.Build.0 = Debug|Any CPU
		{F7044487-67B4-415B-9218-E7B466FEFCFC}.Release|Any CPU.ActiveCfg = Release|Any CPU
		{F7044487-67B4-415B-9218-E7B466FEFCFC}.Release|Any CPU.Build.0 = Release|Any CPU
		{F174D71B-CB78-4065-9F6E-73A7DF5C9164}.Debug|Any CPU.ActiveCfg = Debug|Any CPU
		{F174D71B-CB78-4065-9F6E-73A7DF5C9164}.Debug|Any CPU.Build.0 = Debug|Any CPU
		{F174D71B-CB78-4065-9F6E-73A7DF5C9164}.Release|Any CPU.ActiveCfg = Release|Any CPU
		{F174D71B-CB78-4065-9F6E-73A7DF5C9164}.Release|Any CPU.Build.0 = Release|Any CPU
		{AD6DF5BC-8A58-4112-89B8-64F5C3DBB1D7}.Debug|Any CPU.ActiveCfg = Debug|Any CPU
		{AD6DF5BC-8A58-4112-89B8-64F5C3DBB1D7}.Debug|Any CPU.Build.0 = Debug|Any CPU
		{AD6DF5BC-8A58-4112-89B8-64F5C3DBB1D7}.Release|Any CPU.ActiveCfg = Release|Any CPU
		{AD6DF5BC-8A58-4112-89B8-64F5C3DBB1D7}.Release|Any CPU.Build.0 = Release|Any CPU
		{48882790-7B55-4515-92A0-035A23833A1A}.Debug|Any CPU.ActiveCfg = Debug|Any CPU
		{48882790-7B55-4515-92A0-035A23833A1A}.Debug|Any CPU.Build.0 = Debug|Any CPU
		{48882790-7B55-4515-92A0-035A23833A1A}.Release|Any CPU.ActiveCfg = Release|Any CPU
		{48882790-7B55-4515-92A0-035A23833A1A}.Release|Any CPU.Build.0 = Release|Any CPU
		{EA7290EE-B4A9-4AB3-A8CB-F3A5CFD6C4C6}.Debug|Any CPU.ActiveCfg = Debug|Any CPU
		{EA7290EE-B4A9-4AB3-A8CB-F3A5CFD6C4C6}.Debug|Any CPU.Build.0 = Debug|Any CPU
		{EA7290EE-B4A9-4AB3-A8CB-F3A5CFD6C4C6}.Release|Any CPU.ActiveCfg = Release|Any CPU
		{EA7290EE-B4A9-4AB3-A8CB-F3A5CFD6C4C6}.Release|Any CPU.Build.0 = Release|Any CPU
		{9721B946-C987-4F45-945D-2431CADCA33C}.Debug|Any CPU.ActiveCfg = Debug|Any CPU
		{9721B946-C987-4F45-945D-2431CADCA33C}.Debug|Any CPU.Build.0 = Debug|Any CPU
		{9721B946-C987-4F45-945D-2431CADCA33C}.Release|Any CPU.ActiveCfg = Release|Any CPU
		{9721B946-C987-4F45-945D-2431CADCA33C}.Release|Any CPU.Build.0 = Release|Any CPU
		{DA64F97C-3BB6-4654-8030-68F8DB956917}.Debug|Any CPU.ActiveCfg = Debug|Any CPU
		{DA64F97C-3BB6-4654-8030-68F8DB956917}.Debug|Any CPU.Build.0 = Debug|Any CPU
		{DA64F97C-3BB6-4654-8030-68F8DB956917}.Release|Any CPU.ActiveCfg = Release|Any CPU
		{DA64F97C-3BB6-4654-8030-68F8DB956917}.Release|Any CPU.Build.0 = Release|Any CPU
		{8A895857-40C3-4283-AD78-0B9CC8E93767}.Debug|Any CPU.ActiveCfg = Debug|Any CPU
		{8A895857-40C3-4283-AD78-0B9CC8E93767}.Debug|Any CPU.Build.0 = Debug|Any CPU
		{8A895857-40C3-4283-AD78-0B9CC8E93767}.Release|Any CPU.ActiveCfg = Release|Any CPU
		{8A895857-40C3-4283-AD78-0B9CC8E93767}.Release|Any CPU.Build.0 = Release|Any CPU
		{49EDFB1B-6CF6-4C08-8164-F15123855BA6}.Debug|Any CPU.ActiveCfg = Debug|Any CPU
		{49EDFB1B-6CF6-4C08-8164-F15123855BA6}.Debug|Any CPU.Build.0 = Debug|Any CPU
		{49EDFB1B-6CF6-4C08-8164-F15123855BA6}.Release|Any CPU.ActiveCfg = Release|Any CPU
		{49EDFB1B-6CF6-4C08-8164-F15123855BA6}.Release|Any CPU.Build.0 = Release|Any CPU
	EndGlobalSection
	GlobalSection(SolutionProperties) = preSolution
		HideSolutionNode = FALSE
	EndGlobalSection
	GlobalSection(ExtensibilityGlobals) = postSolution
		SolutionGuid = {4C60C21F-2A9D-48C1-AB80-DAF25904C7F0}
	EndGlobalSection
EndGlobal
