
Microsoft Visual Studio Solution File, Format Version 12.00
# Visual Studio Version 16
VisualStudioVersion = 16.0.31402.337
MinimumVisualStudioVersion = 10.0.40219.1
Project("{9A19103F-16F7-4668-BE54-9A1E7A4F7556}") = "HW02.Image", "HW.02.Image\HW02.Image.csproj", "{4BA3D7D9-BC01-4F81-B0EA-E940CCD56B1B}"
EndProject
Project("{9A19103F-16F7-4668-BE54-9A1E7A4F7556}") = "HW02.StringToBit", "HW.02.StringToBit\HW02.StringToBit.csproj", "{F9D72AB3-6014-4D5C-A342-A2B3A04C89F3}"
EndProject
Project("{9A19103F-16F7-4668-BE54-9A1E7A4F7556}") = "HW02.Casting", "HW.02.Casting\HW02.Casting.csproj", "{3EFDF1C0-C043-4160-83C7-06FEC6127F1F}"
EndProject
Project("{9A19103F-16F7-4668-BE54-9A1E7A4F7556}") = "HW02.Types", "HW02.Types\HW02.Types.csproj", "{E2FF484B-E068-4627-9269-4AE3CAC6D347}"
EndProject
Project("{9A19103F-16F7-4668-BE54-9A1E7A4F7556}") = "HW02.Quadratic.Formula", "HW02.Quadratic.Formula\HW02.Quadratic.Formula.csproj", "{CF825803-36FB-4754-8509-E01DDB0FD6AD}"
EndProject
Project("{9A19103F-16F7-4668-BE54-9A1E7A4F7556}") = "HW05.Task1", "HW05.Task1\HW05.Task1.csproj", "{D85C2F41-0355-4348-9F44-50CB25C07E3F}"
EndProject
Project("{9A19103F-16F7-4668-BE54-9A1E7A4F7556}") = "HW05.Task2", "HW05.Task2\HW05.Task2.csproj", "{FEC8CA25-4092-4766-8A5E-0186EA847E50}"
EndProject
Project("{9A19103F-16F7-4668-BE54-9A1E7A4F7556}") = "HW05.Task3", "HW05.Task3\HW05.Task3.csproj", "{3BA10743-B4B8-4FF7-9259-4187A49A537D}"
EndProject
Project("{FAE04EC0-301F-11D3-BF4B-00C04F79EFBC}") = "HW05.Task4", "HW05.Task4\HW05.Task4.csproj", "{904E363D-7EE3-4745-B075-05DE11C5F7AE}"
EndProject
Global
	GlobalSection(SolutionConfigurationPlatforms) = preSolution
		Debug|Any CPU = Debug|Any CPU
		Release|Any CPU = Release|Any CPU
	EndGlobalSection
	GlobalSection(ProjectConfigurationPlatforms) = postSolution
		{4BA3D7D9-BC01-4F81-B0EA-E940CCD56B1B}.Debug|Any CPU.ActiveCfg = Debug|Any CPU
		{4BA3D7D9-BC01-4F81-B0EA-E940CCD56B1B}.Debug|Any CPU.Build.0 = Debug|Any CPU
		{4BA3D7D9-BC01-4F81-B0EA-E940CCD56B1B}.Release|Any CPU.ActiveCfg = Release|Any CPU
		{4BA3D7D9-BC01-4F81-B0EA-E940CCD56B1B}.Release|Any CPU.Build.0 = Release|Any CPU
		{F9D72AB3-6014-4D5C-A342-A2B3A04C89F3}.Debug|Any CPU.ActiveCfg = Debug|Any CPU
		{F9D72AB3-6014-4D5C-A342-A2B3A04C89F3}.Debug|Any CPU.Build.0 = Debug|Any CPU
		{F9D72AB3-6014-4D5C-A342-A2B3A04C89F3}.Release|Any CPU.ActiveCfg = Release|Any CPU
		{F9D72AB3-6014-4D5C-A342-A2B3A04C89F3}.Release|Any CPU.Build.0 = Release|Any CPU
		{3EFDF1C0-C043-4160-83C7-06FEC6127F1F}.Debug|Any CPU.ActiveCfg = Debug|Any CPU
		{3EFDF1C0-C043-4160-83C7-06FEC6127F1F}.Debug|Any CPU.Build.0 = Debug|Any CPU
		{3EFDF1C0-C043-4160-83C7-06FEC6127F1F}.Release|Any CPU.ActiveCfg = Release|Any CPU
		{3EFDF1C0-C043-4160-83C7-06FEC6127F1F}.Release|Any CPU.Build.0 = Release|Any CPU
		{E2FF484B-E068-4627-9269-4AE3CAC6D347}.Debug|Any CPU.ActiveCfg = Debug|Any CPU
		{E2FF484B-E068-4627-9269-4AE3CAC6D347}.Debug|Any CPU.Build.0 = Debug|Any CPU
		{E2FF484B-E068-4627-9269-4AE3CAC6D347}.Release|Any CPU.ActiveCfg = Release|Any CPU
		{E2FF484B-E068-4627-9269-4AE3CAC6D347}.Release|Any CPU.Build.0 = Release|Any CPU
		{CF825803-36FB-4754-8509-E01DDB0FD6AD}.Debug|Any CPU.ActiveCfg = Debug|Any CPU
		{CF825803-36FB-4754-8509-E01DDB0FD6AD}.Debug|Any CPU.Build.0 = Debug|Any CPU
		{CF825803-36FB-4754-8509-E01DDB0FD6AD}.Release|Any CPU.ActiveCfg = Release|Any CPU
		{CF825803-36FB-4754-8509-E01DDB0FD6AD}.Release|Any CPU.Build.0 = Release|Any CPU
		{D85C2F41-0355-4348-9F44-50CB25C07E3F}.Debug|Any CPU.ActiveCfg = Debug|Any CPU
		{D85C2F41-0355-4348-9F44-50CB25C07E3F}.Debug|Any CPU.Build.0 = Debug|Any CPU
		{D85C2F41-0355-4348-9F44-50CB25C07E3F}.Release|Any CPU.ActiveCfg = Release|Any CPU
		{D85C2F41-0355-4348-9F44-50CB25C07E3F}.Release|Any CPU.Build.0 = Release|Any CPU
		{FEC8CA25-4092-4766-8A5E-0186EA847E50}.Debug|Any CPU.ActiveCfg = Debug|Any CPU
		{FEC8CA25-4092-4766-8A5E-0186EA847E50}.Debug|Any CPU.Build.0 = Debug|Any CPU
		{FEC8CA25-4092-4766-8A5E-0186EA847E50}.Release|Any CPU.ActiveCfg = Release|Any CPU
		{FEC8CA25-4092-4766-8A5E-0186EA847E50}.Release|Any CPU.Build.0 = Release|Any CPU
		{3BA10743-B4B8-4FF7-9259-4187A49A537D}.Debug|Any CPU.ActiveCfg = Debug|Any CPU
		{3BA10743-B4B8-4FF7-9259-4187A49A537D}.Debug|Any CPU.Build.0 = Debug|Any CPU
		{3BA10743-B4B8-4FF7-9259-4187A49A537D}.Release|Any CPU.ActiveCfg = Release|Any CPU
		{3BA10743-B4B8-4FF7-9259-4187A49A537D}.Release|Any CPU.Build.0 = Release|Any CPU
		{904E363D-7EE3-4745-B075-05DE11C5F7AE}.Debug|Any CPU.ActiveCfg = Debug|Any CPU
		{904E363D-7EE3-4745-B075-05DE11C5F7AE}.Debug|Any CPU.Build.0 = Debug|Any CPU
		{904E363D-7EE3-4745-B075-05DE11C5F7AE}.Release|Any CPU.ActiveCfg = Release|Any CPU
		{904E363D-7EE3-4745-B075-05DE11C5F7AE}.Release|Any CPU.Build.0 = Release|Any CPU
	EndGlobalSection
	GlobalSection(SolutionProperties) = preSolution
		HideSolutionNode = FALSE
	EndGlobalSection
	GlobalSection(ExtensibilityGlobals) = postSolution
		SolutionGuid = {4C60C21F-2A9D-48C1-AB80-DAF25904C7F0}
	EndGlobalSection
EndGlobal
